// !$*UTF8*$!
{
	archiveVersion = 1;
	classes = {
	};
	objectVersion = 55;
	objects = {

/* Begin PBXBuildFile section */
		DA100C302AE062A8008AD758 /* APIFuturesExampleApp.swift in Sources */ = {isa = PBXBuildFile; fileRef = DA100C2F2AE062A8008AD758 /* APIFuturesExampleApp.swift */; };
		DA100C322AE062A8008AD758 /* ListView.swift in Sources */ = {isa = PBXBuildFile; fileRef = DA100C312AE062A8008AD758 /* ListView.swift */; };
		DA100C342AE062A9008AD758 /* Assets.xcassets in Resources */ = {isa = PBXBuildFile; fileRef = DA100C332AE062A9008AD758 /* Assets.xcassets */; };
		DA100C372AE062A9008AD758 /* Preview Assets.xcassets in Resources */ = {isa = PBXBuildFile; fileRef = DA100C362AE062A9008AD758 /* Preview Assets.xcassets */; };
		DA100C3E2AE06538008AD758 /* PageView.swift in Sources */ = {isa = PBXBuildFile; fileRef = DA100C3D2AE06538008AD758 /* PageView.swift */; };
		DACF65192AE1E2270001A015 /* HomeView.swift in Sources */ = {isa = PBXBuildFile; fileRef = DACF65182AE1E2270001A015 /* HomeView.swift */; };
		DACF651C2AE1E25B0001A015 /* NamesViewModel.swift in Sources */ = {isa = PBXBuildFile; fileRef = DACF651B2AE1E25B0001A015 /* NamesViewModel.swift */; };
		DACF651E2AE1E3200001A015 /* TabBarView.swift in Sources */ = {isa = PBXBuildFile; fileRef = DACF651D2AE1E3200001A015 /* TabBarView.swift */; };
		DAFD9F1A2AE09EE200D2D517 /* StateNamesRaw.swift in Sources */ = {isa = PBXBuildFile; fileRef = DAFD9F192AE09EE200D2D517 /* StateNamesRaw.swift */; };
		DAFD9F1C2AE0A18C00D2D517 /* StateNamesDataSource.swift in Sources */ = {isa = PBXBuildFile; fileRef = DAFD9F1B2AE0A18C00D2D517 /* StateNamesDataSource.swift */; };
/* End PBXBuildFile section */

/* Begin PBXFileReference section */
		DA100C2C2AE062A8008AD758 /* APIFuturesExample.app */ = {isa = PBXFileReference; explicitFileType = wrapper.application; includeInIndex = 0; path = APIFuturesExample.app; sourceTree = BUILT_PRODUCTS_DIR; };
		DA100C2F2AE062A8008AD758 /* APIFuturesExampleApp.swift */ = {isa = PBXFileReference; lastKnownFileType = sourcecode.swift; path = APIFuturesExampleApp.swift; sourceTree = "<group>"; };
		DA100C312AE062A8008AD758 /* ListView.swift */ = {isa = PBXFileReference; lastKnownFileType = sourcecode.swift; path = ListView.swift; sourceTree = "<group>"; };
		DA100C332AE062A9008AD758 /* Assets.xcassets */ = {isa = PBXFileReference; lastKnownFileType = folder.assetcatalog; path = Assets.xcassets; sourceTree = "<group>"; };
		DA100C362AE062A9008AD758 /* Preview Assets.xcassets */ = {isa = PBXFileReference; lastKnownFileType = folder.assetcatalog; path = "Preview Assets.xcassets"; sourceTree = "<group>"; };
		DA100C3D2AE06538008AD758 /* PageView.swift */ = {isa = PBXFileReference; lastKnownFileType = sourcecode.swift; path = PageView.swift; sourceTree = "<group>"; };
		DACF65182AE1E2270001A015 /* HomeView.swift */ = {isa = PBXFileReference; lastKnownFileType = sourcecode.swift; path = HomeView.swift; sourceTree = "<group>"; };
		DACF651B2AE1E25B0001A015 /* NamesViewModel.swift */ = {isa = PBXFileReference; lastKnownFileType = sourcecode.swift; path = NamesViewModel.swift; sourceTree = "<group>"; };
		DACF651D2AE1E3200001A015 /* TabBarView.swift */ = {isa = PBXFileReference; lastKnownFileType = sourcecode.swift; path = TabBarView.swift; sourceTree = "<group>"; };
		DAFD9F192AE09EE200D2D517 /* StateNamesRaw.swift */ = {isa = PBXFileReference; lastKnownFileType = sourcecode.swift; path = StateNamesRaw.swift; sourceTree = "<group>"; };
		DAFD9F1B2AE0A18C00D2D517 /* StateNamesDataSource.swift */ = {isa = PBXFileReference; lastKnownFileType = sourcecode.swift; path = StateNamesDataSource.swift; sourceTree = "<group>"; };
/* End PBXFileReference section */

/* Begin PBXFrameworksBuildPhase section */
		DA100C292AE062A8008AD758 /* Frameworks */ = {
			isa = PBXFrameworksBuildPhase;
			buildActionMask = 2147483647;
			files = (
			);
			runOnlyForDeploymentPostprocessing = 0;
		};
/* End PBXFrameworksBuildPhase section */

/* Begin PBXGroup section */
		DA100C232AE062A8008AD758 = {
			isa = PBXGroup;
			children = (
				DA100C2E2AE062A8008AD758 /* APIFuturesExample */,
				DA100C2D2AE062A8008AD758 /* Products */,
			);
			sourceTree = "<group>";
		};
		DA100C2D2AE062A8008AD758 /* Products */ = {
			isa = PBXGroup;
			children = (
				DA100C2C2AE062A8008AD758 /* APIFuturesExample.app */,
			);
			name = Products;
			sourceTree = "<group>";
		};
		DA100C2E2AE062A8008AD758 /* APIFuturesExample */ = {
			isa = PBXGroup;
			children = (
				DACF651A2AE1E2490001A015 /* ViewModels */,
				DACF65172AE1E2190001A015 /* Views */,
				DACF65162AE1E1C80001A015 /* DataSource */,
				DAFD9F1D2AE0A49600D2D517 /* Presentation */,
				DAFD9F182AE09ED500D2D517 /* Raw Data */,
				DA100C2F2AE062A8008AD758 /* APIFuturesExampleApp.swift */,
				DA100C3D2AE06538008AD758 /* PageView.swift */,
				DA100C332AE062A9008AD758 /* Assets.xcassets */,
				DA100C352AE062A9008AD758 /* Preview Content */,
			);
			path = APIFuturesExample;
			sourceTree = "<group>";
		};
		DA100C352AE062A9008AD758 /* Preview Content */ = {
			isa = PBXGroup;
			children = (
				DA100C362AE062A9008AD758 /* Preview Assets.xcassets */,
			);
			path = "Preview Content";
			sourceTree = "<group>";
		};
		DACF65162AE1E1C80001A015 /* DataSource */ = {
			isa = PBXGroup;
			children = (
				DAFD9F1B2AE0A18C00D2D517 /* StateNamesDataSource.swift */,
			);
			path = DataSource;
			sourceTree = "<group>";
		};
		DACF65172AE1E2190001A015 /* Views */ = {
			isa = PBXGroup;
			children = (
				DA100C312AE062A8008AD758 /* ListView.swift */,
				DACF65182AE1E2270001A015 /* HomeView.swift */,
				DACF651D2AE1E3200001A015 /* TabBarView.swift */,
			);
			path = Views;
			sourceTree = "<group>";
		};
		DACF651A2AE1E2490001A015 /* ViewModels */ = {
			isa = PBXGroup;
			children = (
				DACF651B2AE1E25B0001A015 /* NamesViewModel.swift */,
			);
			path = ViewModels;
			sourceTree = "<group>";
		};
		DAFD9F182AE09ED500D2D517 /* Raw Data */ = {
			isa = PBXGroup;
			children = (
				DAFD9F192AE09EE200D2D517 /* StateNamesRaw.swift */,
			);
			path = "Raw Data";
			sourceTree = "<group>";
		};
		DAFD9F1D2AE0A49600D2D517 /* Presentation */ = {
			isa = PBXGroup;
			children = (
			);
			path = Presentation;
			sourceTree = "<group>";
		};
/* End PBXGroup section */

/* Begin PBXNativeTarget section */
		DA100C2B2AE062A8008AD758 /* APIFuturesExample */ = {
			isa = PBXNativeTarget;
			buildConfigurationList = DA100C3A2AE062A9008AD758 /* Build configuration list for PBXNativeTarget "APIFuturesExample" */;
			buildPhases = (
				DA100C282AE062A8008AD758 /* Sources */,
				DA100C292AE062A8008AD758 /* Frameworks */,
				DA100C2A2AE062A8008AD758 /* Resources */,
			);
			buildRules = (
			);
			dependencies = (
			);
			name = APIFuturesExample;
			productName = APIFuturesExample;
			productReference = DA100C2C2AE062A8008AD758 /* APIFuturesExample.app */;
			productType = "com.apple.product-type.application";
		};
/* End PBXNativeTarget section */

/* Begin PBXProject section */
		DA100C242AE062A8008AD758 /* Project object */ = {
			isa = PBXProject;
			attributes = {
				BuildIndependentTargetsInParallel = 1;
				LastSwiftUpdateCheck = 1320;
				LastUpgradeCheck = 1320;
				TargetAttributes = {
					DA100C2B2AE062A8008AD758 = {
						CreatedOnToolsVersion = 13.2.1;
					};
				};
			};
			buildConfigurationList = DA100C272AE062A8008AD758 /* Build configuration list for PBXProject "APIFuturesExample" */;
			compatibilityVersion = "Xcode 13.0";
			developmentRegion = en;
			hasScannedForEncodings = 0;
			knownRegions = (
				en,
				Base,
			);
			mainGroup = DA100C232AE062A8008AD758;
			productRefGroup = DA100C2D2AE062A8008AD758 /* Products */;
			projectDirPath = "";
			projectRoot = "";
			targets = (
				DA100C2B2AE062A8008AD758 /* APIFuturesExample */,
			);
		};
/* End PBXProject section */

/* Begin PBXResourcesBuildPhase section */
		DA100C2A2AE062A8008AD758 /* Resources */ = {
			isa = PBXResourcesBuildPhase;
			buildActionMask = 2147483647;
			files = (
				DA100C372AE062A9008AD758 /* Preview Assets.xcassets in Resources */,
				DA100C342AE062A9008AD758 /* Assets.xcassets in Resources */,
			);
			runOnlyForDeploymentPostprocessing = 0;
		};
/* End PBXResourcesBuildPhase section */

/* Begin PBXSourcesBuildPhase section */
		DA100C282AE062A8008AD758 /* Sources */ = {
			isa = PBXSourcesBuildPhase;
			buildActionMask = 2147483647;
			files = (
				DACF651C2AE1E25B0001A015 /* NamesViewModel.swift in Sources */,
				DA100C322AE062A8008AD758 /* ListView.swift in Sources */,
				DACF651E2AE1E3200001A015 /* TabBarView.swift in Sources */,
				DAFD9F1A2AE09EE200D2D517 /* StateNamesRaw.swift in Sources */,
				DAFD9F1C2AE0A18C00D2D517 /* StateNamesDataSource.swift in Sources */,
				DACF65192AE1E2270001A015 /* HomeView.swift in Sources */,
				DA100C3E2AE06538008AD758 /* PageView.swift in Sources */,
				DA100C302AE062A8008AD758 /* APIFuturesExampleApp.swift in Sources */,
			);
			runOnlyForDeploymentPostprocessing = 0;
		};
/* End PBXSourcesBuildPhase section */

/* Begin XCBuildConfiguration section */
		DA100C382AE062A9008AD758 /* Debug */ = {
			isa = XCBuildConfiguration;
			buildSettings = {
				ALWAYS_SEARCH_USER_PATHS = NO;
				CLANG_ANALYZER_NONNULL = YES;
				CLANG_ANALYZER_NUMBER_OBJECT_CONVERSION = YES_AGGRESSIVE;
				CLANG_CXX_LANGUAGE_STANDARD = "gnu++17";
				CLANG_CXX_LIBRARY = "libc++";
				CLANG_ENABLE_MODULES = YES;
				CLANG_ENABLE_OBJC_ARC = YES;
				CLANG_ENABLE_OBJC_WEAK = YES;
				CLANG_WARN_BLOCK_CAPTURE_AUTORELEASING = YES;
				CLANG_WARN_BOOL_CONVERSION = YES;
				CLANG_WARN_COMMA = YES;
				CLANG_WARN_CONSTANT_CONVERSION = YES;
				CLANG_WARN_DEPRECATED_OBJC_IMPLEMENTATIONS = YES;
				CLANG_WARN_DIRECT_OBJC_ISA_USAGE = YES_ERROR;
				CLANG_WARN_DOCUMENTATION_COMMENTS = YES;
				CLANG_WARN_EMPTY_BODY = YES;
				CLANG_WARN_ENUM_CONVERSION = YES;
				CLANG_WARN_INFINITE_RECURSION = YES;
				CLANG_WARN_INT_CONVERSION = YES;
				CLANG_WARN_NON_LITERAL_NULL_CONVERSION = YES;
				CLANG_WARN_OBJC_IMPLICIT_RETAIN_SELF = YES;
				CLANG_WARN_OBJC_LITERAL_CONVERSION = YES;
				CLANG_WARN_OBJC_ROOT_CLASS = YES_ERROR;
				CLANG_WARN_QUOTED_INCLUDE_IN_FRAMEWORK_HEADER = YES;
				CLANG_WARN_RANGE_LOOP_ANALYSIS = YES;
				CLANG_WARN_STRICT_PROTOTYPES = YES;
				CLANG_WARN_SUSPICIOUS_MOVE = YES;
				CLANG_WARN_UNGUARDED_AVAILABILITY = YES_AGGRESSIVE;
				CLANG_WARN_UNREACHABLE_CODE = YES;
				CLANG_WARN__DUPLICATE_METHOD_MATCH = YES;
				COPY_PHASE_STRIP = NO;
				DEBUG_INFORMATION_FORMAT = dwarf;
				ENABLE_STRICT_OBJC_MSGSEND = YES;
				ENABLE_TESTABILITY = YES;
				GCC_C_LANGUAGE_STANDARD = gnu11;
				GCC_DYNAMIC_NO_PIC = NO;
				GCC_NO_COMMON_BLOCKS = YES;
				GCC_OPTIMIZATION_LEVEL = 0;
				GCC_PREPROCESSOR_DEFINITIONS = (
					"DEBUG=1",
					"$(inherited)",
				);
				GCC_WARN_64_TO_32_BIT_CONVERSION = YES;
				GCC_WARN_ABOUT_RETURN_TYPE = YES_ERROR;
				GCC_WARN_UNDECLARED_SELECTOR = YES;
				GCC_WARN_UNINITIALIZED_AUTOS = YES_AGGRESSIVE;
				GCC_WARN_UNUSED_FUNCTION = YES;
				GCC_WARN_UNUSED_VARIABLE = YES;
				IPHONEOS_DEPLOYMENT_TARGET = 15.2;
				MTL_ENABLE_DEBUG_INFO = INCLUDE_SOURCE;
				MTL_FAST_MATH = YES;
				ONLY_ACTIVE_ARCH = YES;
				SDKROOT = iphoneos;
				SWIFT_ACTIVE_COMPILATION_CONDITIONS = DEBUG;
				SWIFT_OPTIMIZATION_LEVEL = "-Onone";
			};
			name = Debug;
		};
		DA100C392AE062A9008AD758 /* Release */ = {
			isa = XCBuildConfiguration;
			buildSettings = {
				ALWAYS_SEARCH_USER_PATHS = NO;
				CLANG_ANALYZER_NONNULL = YES;
				CLANG_ANALYZER_NUMBER_OBJECT_CONVERSION = YES_AGGRESSIVE;
				CLANG_CXX_LANGUAGE_STANDARD = "gnu++17";
				CLANG_CXX_LIBRARY = "libc++";
				CLANG_ENABLE_MODULES = YES;
				CLANG_ENABLE_OBJC_ARC = YES;
				CLANG_ENABLE_OBJC_WEAK = YES;
				CLANG_WARN_BLOCK_CAPTURE_AUTORELEASING = YES;
				CLANG_WARN_BOOL_CONVERSION = YES;
				CLANG_WARN_COMMA = YES;
				CLANG_WARN_CONSTANT_CONVERSION = YES;
				CLANG_WARN_DEPRECATED_OBJC_IMPLEMENTATIONS = YES;
				CLANG_WARN_DIRECT_OBJC_ISA_USAGE = YES_ERROR;
				CLANG_WARN_DOCUMENTATION_COMMENTS = YES;
				CLANG_WARN_EMPTY_BODY = YES;
				CLANG_WARN_ENUM_CONVERSION = YES;
				CLANG_WARN_INFINITE_RECURSION = YES;
				CLANG_WARN_INT_CONVERSION = YES;
				CLANG_WARN_NON_LITERAL_NULL_CONVERSION = YES;
				CLANG_WARN_OBJC_IMPLICIT_RETAIN_SELF = YES;
				CLANG_WARN_OBJC_LITERAL_CONVERSION = YES;
				CLANG_WARN_OBJC_ROOT_CLASS = YES_ERROR;
				CLANG_WARN_QUOTED_INCLUDE_IN_FRAMEWORK_HEADER = YES;
				CLANG_WARN_RANGE_LOOP_ANALYSIS = YES;
				CLANG_WARN_STRICT_PROTOTYPES = YES;
				CLANG_WARN_SUSPICIOUS_MOVE = YES;
				CLANG_WARN_UNGUARDED_AVAILABILITY = YES_AGGRESSIVE;
				CLANG_WARN_UNREACHABLE_CODE = YES;
				CLANG_WARN__DUPLICATE_METHOD_MATCH = YES;
				COPY_PHASE_STRIP = NO;
				DEBUG_INFORMATION_FORMAT = "dwarf-with-dsym";
				ENABLE_NS_ASSERTIONS = NO;
				ENABLE_STRICT_OBJC_MSGSEND = YES;
				GCC_C_LANGUAGE_STANDARD = gnu11;
				GCC_NO_COMMON_BLOCKS = YES;
				GCC_WARN_64_TO_32_BIT_CONVERSION = YES;
				GCC_WARN_ABOUT_RETURN_TYPE = YES_ERROR;
				GCC_WARN_UNDECLARED_SELECTOR = YES;
				GCC_WARN_UNINITIALIZED_AUTOS = YES_AGGRESSIVE;
				GCC_WARN_UNUSED_FUNCTION = YES;
				GCC_WARN_UNUSED_VARIABLE = YES;
				IPHONEOS_DEPLOYMENT_TARGET = 15.2;
				MTL_ENABLE_DEBUG_INFO = NO;
				MTL_FAST_MATH = YES;
				SDKROOT = iphoneos;
				SWIFT_COMPILATION_MODE = wholemodule;
				SWIFT_OPTIMIZATION_LEVEL = "-O";
				VALIDATE_PRODUCT = YES;
			};
			name = Release;
		};
		DA100C3B2AE062A9008AD758 /* Debug */ = {
			isa = XCBuildConfiguration;
			buildSettings = {
				ASSETCATALOG_COMPILER_APPICON_NAME = AppIcon;
				ASSETCATALOG_COMPILER_GLOBAL_ACCENT_COLOR_NAME = AccentColor;
				CODE_SIGN_STYLE = Automatic;
				CURRENT_PROJECT_VERSION = 1;
				DEVELOPMENT_ASSET_PATHS = "\"APIFuturesExample/Preview Content\"";
				DEVELOPMENT_TEAM = H8933G3Q9B;
				ENABLE_PREVIEWS = YES;
				GENERATE_INFOPLIST_FILE = YES;
				INFOPLIST_KEY_UIApplicationSceneManifest_Generation = YES;
				INFOPLIST_KEY_UIApplicationSupportsIndirectInputEvents = YES;
				INFOPLIST_KEY_UILaunchScreen_Generation = YES;
				INFOPLIST_KEY_UISupportedInterfaceOrientations_iPad = "UIInterfaceOrientationPortrait UIInterfaceOrientationPortraitUpsideDown UIInterfaceOrientationLandscapeLeft UIInterfaceOrientationLandscapeRight";
				INFOPLIST_KEY_UISupportedInterfaceOrientations_iPhone = "UIInterfaceOrientationPortrait UIInterfaceOrientationLandscapeLeft UIInterfaceOrientationLandscapeRight";
				LD_RUNPATH_SEARCH_PATHS = (
					"$(inherited)",
					"@executable_path/Frameworks",
				);
				MARKETING_VERSION = 1.0;
				PRODUCT_BUNDLE_IDENTIFIER = com.APIFuturesExample;
				PRODUCT_NAME = "$(TARGET_NAME)";
				SWIFT_EMIT_LOC_STRINGS = YES;
				SWIFT_VERSION = 5.0;
				TARGETED_DEVICE_FAMILY = "1,2";
			};
			name = Debug;
		};
		DA100C3C2AE062A9008AD758 /* Release */ = {
			isa = XCBuildConfiguration;
			buildSettings = {
				ASSETCATALOG_COMPILER_APPICON_NAME = AppIcon;
				ASSETCATALOG_COMPILER_GLOBAL_ACCENT_COLOR_NAME = AccentColor;
				CODE_SIGN_STYLE = Automatic;
				CURRENT_PROJECT_VERSION = 1;
				DEVELOPMENT_ASSET_PATHS = "\"APIFuturesExample/Preview Content\"";
				DEVELOPMENT_TEAM = H8933G3Q9B;
				ENABLE_PREVIEWS = YES;
				GENERATE_INFOPLIST_FILE = YES;
				INFOPLIST_KEY_UIApplicationSceneManifest_Generation = YES;
				INFOPLIST_KEY_UIApplicationSupportsIndirectInputEvents = YES;
				INFOPLIST_KEY_UILaunchScreen_Generation = YES;
				INFOPLIST_KEY_UISupportedInterfaceOrientations_iPad = "UIInterfaceOrientationPortrait UIInterfaceOrientationPortraitUpsideDown UIInterfaceOrientationLandscapeLeft UIInterfaceOrientationLandscapeRight";
				INFOPLIST_KEY_UISupportedInterfaceOrientations_iPhone = "UIInterfaceOrientationPortrait UIInterfaceOrientationLandscapeLeft UIInterfaceOrientationLandscapeRight";
				LD_RUNPATH_SEARCH_PATHS = (
					"$(inherited)",
					"@executable_path/Frameworks",
				);
				MARKETING_VERSION = 1.0;
				PRODUCT_BUNDLE_IDENTIFIER = com.APIFuturesExample;
				PRODUCT_NAME = "$(TARGET_NAME)";
				SWIFT_EMIT_LOC_STRINGS = YES;
				SWIFT_VERSION = 5.0;
				TARGETED_DEVICE_FAMILY = "1,2";
			};
			name = Release;
		};
/* End XCBuildConfiguration section */

/* Begin XCConfigurationList section */
		DA100C272AE062A8008AD758 /* Build configuration list for PBXProject "APIFuturesExample" */ = {
			isa = XCConfigurationList;
			buildConfigurations = (
				DA100C382AE062A9008AD758 /* Debug */,
				DA100C392AE062A9008AD758 /* Release */,
			);
			defaultConfigurationIsVisible = 0;
			defaultConfigurationName = Release;
		};
		DA100C3A2AE062A9008AD758 /* Build configuration list for PBXNativeTarget "APIFuturesExample" */ = {
			isa = XCConfigurationList;
			buildConfigurations = (
				DA100C3B2AE062A9008AD758 /* Debug */,
				DA100C3C2AE062A9008AD758 /* Release */,
			);
			defaultConfigurationIsVisible = 0;
			defaultConfigurationName = Release;
		};
/* End XCConfigurationList section */
	};
	rootObject = DA100C242AE062A8008AD758 /* Project object */;
}
